
Microsoft Visual Studio Solution File, Format Version 12.00
# Visual Studio Version 17
VisualStudioVersion = 17.6.33829.357
MinimumVisualStudioVersion = 10.0.40219.1
Project("{2150E333-8FDC-42A3-9474-1A3956D46DE8}") = "CQRS", "CQRS", "{8E268003-1930-4CAC-9714-84DF62DB799E}"
EndProject
Project("{2150E333-8FDC-42A3-9474-1A3956D46DE8}") = "Product", "Product", "{D659106E-CB2B-4920-942E-080F0BDBC4F2}"
EndProject
Project("{FAE04EC0-301F-11D3-BF4B-00C04F79EFBC}") = "CQRS.Core", "CQRS\CQRS.Core\CQRS.Core.csproj", "{3F11C3AB-CAFC-4914-8936-4F35AC00B9EC}"
EndProject
Project("{2150E333-8FDC-42A3-9474-1A3956D46DE8}") = "Product.Cmd", "Product.Cmd", "{74E8C984-81EA-4106-8D50-375869AD8A53}"
EndProject
Project("{2150E333-8FDC-42A3-9474-1A3956D46DE8}") = "Product.Query", "Product.Query", "{E48E74FF-85FD-4129-91FF-0114B392982E}"
EndProject
Project("{2150E333-8FDC-42A3-9474-1A3956D46DE8}") = "Common", "Common", "{829F551A-1096-4105-B9D5-396B43EF4D0C}"
EndProject
Project("{FAE04EC0-301F-11D3-BF4B-00C04F79EFBC}") = "Product.Common", "Product\Common\Product.Common\Product.Common.csproj", "{1C164034-732F-48F6-BF68-A90F4658732B}"
EndProject
Project("{FAE04EC0-301F-11D3-BF4B-00C04F79EFBC}") = "Product.Cmd.Api", "Product\Product.Cmd\Product.Cmd.Api\Product.Cmd.Api.csproj", "{B189E334-FF1E-461B-8D95-44A692641BA3}"
EndProject
Project("{FAE04EC0-301F-11D3-BF4B-00C04F79EFBC}") = "Product.Cmd.Domain", "Product\Product.Cmd\Product.Cmd.Domain\Product.Cmd.Domain.csproj", "{46DCB79D-881D-4CEB-ADD5-E2DFCC7DA317}"
EndProject
Project("{FAE04EC0-301F-11D3-BF4B-00C04F79EFBC}") = "Product.Cmd.Infra", "Product\Product.Cmd\Product.Cmd.Infra\Product.Cmd.Infra.csproj", "{7F6F3B06-9957-4B57-B105-57785E238DF2}"
EndProject
Project("{FAE04EC0-301F-11D3-BF4B-00C04F79EFBC}") = "Product.Query.Api", "Product\Product.Query\Product.Query.Api\Product.Query.Api.csproj", "{3E270ACD-4C1F-4B7D-9F94-DE137B0C87FC}"
EndProject
Project("{FAE04EC0-301F-11D3-BF4B-00C04F79EFBC}") = "Product.Query.Domain", "Product\Product.Query\Product.Query.Domain\Product.Query.Domain.csproj", "{63B72BFA-ED24-44D0-B072-E02F33E68622}"
EndProject
Project("{FAE04EC0-301F-11D3-BF4B-00C04F79EFBC}") = "Product.Query.Infra", "Product\Product.Query\Product.Query.Infra\Product.Query.Infra.csproj", "{4AFB930C-8759-4D96-827D-0C60D67BD8E1}"
EndProject
Global
	GlobalSection(SolutionConfigurationPlatforms) = preSolution
		Debug|Any CPU = Debug|Any CPU
		Release|Any CPU = Release|Any CPU
	EndGlobalSection
	GlobalSection(ProjectConfigurationPlatforms) = postSolution
		{3F11C3AB-CAFC-4914-8936-4F35AC00B9EC}.Debug|Any CPU.ActiveCfg = Debug|Any CPU
		{3F11C3AB-CAFC-4914-8936-4F35AC00B9EC}.Debug|Any CPU.Build.0 = Debug|Any CPU
		{3F11C3AB-CAFC-4914-8936-4F35AC00B9EC}.Release|Any CPU.ActiveCfg = Release|Any CPU
		{3F11C3AB-CAFC-4914-8936-4F35AC00B9EC}.Release|Any CPU.Build.0 = Release|Any CPU
		{1C164034-732F-48F6-BF68-A90F4658732B}.Debug|Any CPU.ActiveCfg = Debug|Any CPU
		{1C164034-732F-48F6-BF68-A90F4658732B}.Debug|Any CPU.Build.0 = Debug|Any CPU
		{1C164034-732F-48F6-BF68-A90F4658732B}.Release|Any CPU.ActiveCfg = Release|Any CPU
		{1C164034-732F-48F6-BF68-A90F4658732B}.Release|Any CPU.Build.0 = Release|Any CPU
		{B189E334-FF1E-461B-8D95-44A692641BA3}.Debug|Any CPU.ActiveCfg = Debug|Any CPU
		{B189E334-FF1E-461B-8D95-44A692641BA3}.Debug|Any CPU.Build.0 = Debug|Any CPU
		{B189E334-FF1E-461B-8D95-44A692641BA3}.Release|Any CPU.ActiveCfg = Release|Any CPU
		{B189E334-FF1E-461B-8D95-44A692641BA3}.Release|Any CPU.Build.0 = Release|Any CPU
		{46DCB79D-881D-4CEB-ADD5-E2DFCC7DA317}.Debug|Any CPU.ActiveCfg = Debug|Any CPU
		{46DCB79D-881D-4CEB-ADD5-E2DFCC7DA317}.Debug|Any CPU.Build.0 = Debug|Any CPU
		{46DCB79D-881D-4CEB-ADD5-E2DFCC7DA317}.Release|Any CPU.ActiveCfg = Release|Any CPU
		{46DCB79D-881D-4CEB-ADD5-E2DFCC7DA317}.Release|Any CPU.Build.0 = Release|Any CPU
		{7F6F3B06-9957-4B57-B105-57785E238DF2}.Debug|Any CPU.ActiveCfg = Debug|Any CPU
		{7F6F3B06-9957-4B57-B105-57785E238DF2}.Debug|Any CPU.Build.0 = Debug|Any CPU
		{7F6F3B06-9957-4B57-B105-57785E238DF2}.Release|Any CPU.ActiveCfg = Release|Any CPU
		{7F6F3B06-9957-4B57-B105-57785E238DF2}.Release|Any CPU.Build.0 = Release|Any CPU
		{3E270ACD-4C1F-4B7D-9F94-DE137B0C87FC}.Debug|Any CPU.ActiveCfg = Debug|Any CPU
		{3E270ACD-4C1F-4B7D-9F94-DE137B0C87FC}.Debug|Any CPU.Build.0 = Debug|Any CPU
		{3E270ACD-4C1F-4B7D-9F94-DE137B0C87FC}.Release|Any CPU.ActiveCfg = Release|Any CPU
		{3E270ACD-4C1F-4B7D-9F94-DE137B0C87FC}.Release|Any CPU.Build.0 = Release|Any CPU
		{63B72BFA-ED24-44D0-B072-E02F33E68622}.Debug|Any CPU.ActiveCfg = Debug|Any CPU
		{63B72BFA-ED24-44D0-B072-E02F33E68622}.Debug|Any CPU.Build.0 = Debug|Any CPU
		{63B72BFA-ED24-44D0-B072-E02F33E68622}.Release|Any CPU.ActiveCfg = Release|Any CPU
		{63B72BFA-ED24-44D0-B072-E02F33E68622}.Release|Any CPU.Build.0 = Release|Any CPU
		{4AFB930C-8759-4D96-827D-0C60D67BD8E1}.Debug|Any CPU.ActiveCfg = Debug|Any CPU
		{4AFB930C-8759-4D96-827D-0C60D67BD8E1}.Debug|Any CPU.Build.0 = Debug|Any CPU
		{4AFB930C-8759-4D96-827D-0C60D67BD8E1}.Release|Any CPU.ActiveCfg = Release|Any CPU
		{4AFB930C-8759-4D96-827D-0C60D67BD8E1}.Release|Any CPU.Build.0 = Release|Any CPU
	EndGlobalSection
	GlobalSection(SolutionProperties) = preSolution
		HideSolutionNode = FALSE
	EndGlobalSection
	GlobalSection(NestedProjects) = preSolution
		{3F11C3AB-CAFC-4914-8936-4F35AC00B9EC} = {8E268003-1930-4CAC-9714-84DF62DB799E}
		{74E8C984-81EA-4106-8D50-375869AD8A53} = {D659106E-CB2B-4920-942E-080F0BDBC4F2}
		{E48E74FF-85FD-4129-91FF-0114B392982E} = {D659106E-CB2B-4920-942E-080F0BDBC4F2}
		{829F551A-1096-4105-B9D5-396B43EF4D0C} = {D659106E-CB2B-4920-942E-080F0BDBC4F2}
		{1C164034-732F-48F6-BF68-A90F4658732B} = {829F551A-1096-4105-B9D5-396B43EF4D0C}
		{B189E334-FF1E-461B-8D95-44A692641BA3} = {74E8C984-81EA-4106-8D50-375869AD8A53}
		{46DCB79D-881D-4CEB-ADD5-E2DFCC7DA317} = {74E8C984-81EA-4106-8D50-375869AD8A53}
		{7F6F3B06-9957-4B57-B105-57785E238DF2} = {74E8C984-81EA-4106-8D50-375869AD8A53}
		{3E270ACD-4C1F-4B7D-9F94-DE137B0C87FC} = {E48E74FF-85FD-4129-91FF-0114B392982E}
		{63B72BFA-ED24-44D0-B072-E02F33E68622} = {E48E74FF-85FD-4129-91FF-0114B392982E}
		{4AFB930C-8759-4D96-827D-0C60D67BD8E1} = {E48E74FF-85FD-4129-91FF-0114B392982E}
	EndGlobalSection
	GlobalSection(ExtensibilityGlobals) = postSolution
		SolutionGuid = {E27F9542-8C52-4834-B7DD-255C686AD102}
	EndGlobalSection
EndGlobal
